
Microsoft Visual Studio Solution File, Format Version 12.00
# Visual Studio 15
VisualStudioVersion = 15.0.27428.2015
MinimumVisualStudioVersion = 10.0.40219.1
Project("{9A19103F-16F7-4668-BE54-9A1E7A4F7556}") = "NHapi.Base-NetCore", "NHapi.Base\NHapi.Base-NetCore.csproj", "{1607B198-A614-459B-B267-02B3659E429A}"
EndProject
Project("{9A19103F-16F7-4668-BE54-9A1E7A4F7556}") = "NHapi.Model.V21-NetCore", "NHapi.Model.V21\NHapi.Model.V21-NetCore.csproj", "{DDF51A5E-CFAF-42A4-9084-AF8498DD5495}"
EndProject
Project("{9A19103F-16F7-4668-BE54-9A1E7A4F7556}") = "NHapi.Model.V22-NetCore", "NHapi.Model.V22\NHapi.Model.V22-NetCore.csproj", "{A70C9140-1070-454D-91AA-4AE3B14FD663}"
EndProject
Project("{9A19103F-16F7-4668-BE54-9A1E7A4F7556}") = "NHapi.Model.V22_ZSegments-NetCore", "NHapi.Model.V22_ZSegments\NHapi.Model.V22_ZSegments-NetCore.csproj", "{E3042203-769C-4805-9927-57A2230ECA49}"
EndProject
Project("{9A19103F-16F7-4668-BE54-9A1E7A4F7556}") = "NHapi.Model.V23-NetCore", "NHapi.Model.V23\NHapi.Model.V23-NetCore.csproj", "{FBB5F534-3CF1-43E4-866E-8DE0D3FF402B}"
EndProject
Project("{9A19103F-16F7-4668-BE54-9A1E7A4F7556}") = "NHapi.Model.V24-NetCore", "NHapi.Model.V24\NHapi.Model.V24-NetCore.csproj", "{05D38318-8179-4303-AE14-B6192726B17F}"
EndProject
Project("{9A19103F-16F7-4668-BE54-9A1E7A4F7556}") = "NHapi.Model.V25-NetCore", "NHapi.Model.V25\NHapi.Model.V25-NetCore.csproj", "{5107EE30-0EBF-44B6-B9C1-9B92596A22BC}"
EndProject
Project("{9A19103F-16F7-4668-BE54-9A1E7A4F7556}") = "NHapi.Model.V26-NetCore", "NHapi.Model.V26\NHapi.Model.V26-NetCore.csproj", "{09ABBF64-8870-4D19-AE25-5BC0AAAAC5B3}"
EndProject
Project("{9A19103F-16F7-4668-BE54-9A1E7A4F7556}") = "NHapi.Model.V27-NetCore", "NHapi.Model.V27\NHapi.Model.V27-NetCore.csproj", "{08DFA612-7D35-49C3-972D-0EBF12851B9D}"
EndProject
Project("{9A19103F-16F7-4668-BE54-9A1E7A4F7556}") = "NHapi.Model.V28-NetCore", "NHapi.Model.V28\NHapi.Model.V28-NetCore.csproj", "{4A68D8A5-F9E4-446F-8918-46D5765BCE7F}"
EndProject
Project("{9A19103F-16F7-4668-BE54-9A1E7A4F7556}") = "NHapi.Model.V231-NetCore", "NHapi.Model.V231\NHapi.Model.V231-NetCore.csproj", "{31694C95-F4A8-4101-AF5E-A0D7A8ED66F7}"
EndProject
Project("{9A19103F-16F7-4668-BE54-9A1E7A4F7556}") = "NHapi.Model.V251-NetCore", "NHapi.Model.V251\NHapi.Model.V251-NetCore.csproj", "{A206224A-5A84-43B7-B46C-85C5EBCF88DF}"
EndProject
Project("{9A19103F-16F7-4668-BE54-9A1E7A4F7556}") = "NHapi.Model.V271-NetCore", "NHapi.Model.V271\NHapi.Model.V271-NetCore.csproj", "{D07D8265-530B-4676-99EC-EDC6C9C9D185}"
EndProject
Project("{9A19103F-16F7-4668-BE54-9A1E7A4F7556}") = "NHapi.Model.V281-NetCore", "NHapi.Model.V281\NHapi.Model.V281-NetCore.csproj", "{A43C431F-05B8-4719-9971-F673855F6AF2}"
EndProject
Global
	GlobalSection(SolutionConfigurationPlatforms) = preSolution
		Debug|Any CPU = Debug|Any CPU
		Release|Any CPU = Release|Any CPU
	EndGlobalSection
	GlobalSection(ProjectConfigurationPlatforms) = postSolution
		{1607B198-A614-459B-B267-02B3659E429A}.Debug|Any CPU.ActiveCfg = Debug|Any CPU
		{1607B198-A614-459B-B267-02B3659E429A}.Debug|Any CPU.Build.0 = Debug|Any CPU
		{1607B198-A614-459B-B267-02B3659E429A}.Release|Any CPU.ActiveCfg = Release|Any CPU
		{1607B198-A614-459B-B267-02B3659E429A}.Release|Any CPU.Build.0 = Release|Any CPU
		{DDF51A5E-CFAF-42A4-9084-AF8498DD5495}.Debug|Any CPU.ActiveCfg = Debug|Any CPU
		{DDF51A5E-CFAF-42A4-9084-AF8498DD5495}.Debug|Any CPU.Build.0 = Debug|Any CPU
		{DDF51A5E-CFAF-42A4-9084-AF8498DD5495}.Release|Any CPU.ActiveCfg = Release|Any CPU
		{DDF51A5E-CFAF-42A4-9084-AF8498DD5495}.Release|Any CPU.Build.0 = Release|Any CPU
		{A70C9140-1070-454D-91AA-4AE3B14FD663}.Debug|Any CPU.ActiveCfg = Debug|Any CPU
		{A70C9140-1070-454D-91AA-4AE3B14FD663}.Debug|Any CPU.Build.0 = Debug|Any CPU
		{A70C9140-1070-454D-91AA-4AE3B14FD663}.Release|Any CPU.ActiveCfg = Release|Any CPU
		{A70C9140-1070-454D-91AA-4AE3B14FD663}.Release|Any CPU.Build.0 = Release|Any CPU
		{E3042203-769C-4805-9927-57A2230ECA49}.Debug|Any CPU.ActiveCfg = Debug|Any CPU
		{E3042203-769C-4805-9927-57A2230ECA49}.Debug|Any CPU.Build.0 = Debug|Any CPU
		{E3042203-769C-4805-9927-57A2230ECA49}.Release|Any CPU.ActiveCfg = Release|Any CPU
		{E3042203-769C-4805-9927-57A2230ECA49}.Release|Any CPU.Build.0 = Release|Any CPU
		{FBB5F534-3CF1-43E4-866E-8DE0D3FF402B}.Debug|Any CPU.ActiveCfg = Debug|Any CPU
		{FBB5F534-3CF1-43E4-866E-8DE0D3FF402B}.Debug|Any CPU.Build.0 = Debug|Any CPU
		{FBB5F534-3CF1-43E4-866E-8DE0D3FF402B}.Release|Any CPU.ActiveCfg = Release|Any CPU
		{FBB5F534-3CF1-43E4-866E-8DE0D3FF402B}.Release|Any CPU.Build.0 = Release|Any CPU
		{05D38318-8179-4303-AE14-B6192726B17F}.Debug|Any CPU.ActiveCfg = Debug|Any CPU
		{05D38318-8179-4303-AE14-B6192726B17F}.Debug|Any CPU.Build.0 = Debug|Any CPU
		{05D38318-8179-4303-AE14-B6192726B17F}.Release|Any CPU.ActiveCfg = Release|Any CPU
		{05D38318-8179-4303-AE14-B6192726B17F}.Release|Any CPU.Build.0 = Release|Any CPU
		{5107EE30-0EBF-44B6-B9C1-9B92596A22BC}.Debug|Any CPU.ActiveCfg = Debug|Any CPU
		{5107EE30-0EBF-44B6-B9C1-9B92596A22BC}.Debug|Any CPU.Build.0 = Debug|Any CPU
		{5107EE30-0EBF-44B6-B9C1-9B92596A22BC}.Release|Any CPU.ActiveCfg = Release|Any CPU
		{5107EE30-0EBF-44B6-B9C1-9B92596A22BC}.Release|Any CPU.Build.0 = Release|Any CPU
		{09ABBF64-8870-4D19-AE25-5BC0AAAAC5B3}.Debug|Any CPU.ActiveCfg = Debug|Any CPU
		{09ABBF64-8870-4D19-AE25-5BC0AAAAC5B3}.Debug|Any CPU.Build.0 = Debug|Any CPU
		{09ABBF64-8870-4D19-AE25-5BC0AAAAC5B3}.Release|Any CPU.ActiveCfg = Release|Any CPU
		{09ABBF64-8870-4D19-AE25-5BC0AAAAC5B3}.Release|Any CPU.Build.0 = Release|Any CPU
		{08DFA612-7D35-49C3-972D-0EBF12851B9D}.Debug|Any CPU.ActiveCfg = Debug|Any CPU
		{08DFA612-7D35-49C3-972D-0EBF12851B9D}.Debug|Any CPU.Build.0 = Debug|Any CPU
		{08DFA612-7D35-49C3-972D-0EBF12851B9D}.Release|Any CPU.ActiveCfg = Release|Any CPU
		{08DFA612-7D35-49C3-972D-0EBF12851B9D}.Release|Any CPU.Build.0 = Release|Any CPU
		{4A68D8A5-F9E4-446F-8918-46D5765BCE7F}.Debug|Any CPU.ActiveCfg = Debug|Any CPU
		{4A68D8A5-F9E4-446F-8918-46D5765BCE7F}.Debug|Any CPU.Build.0 = Debug|Any CPU
		{4A68D8A5-F9E4-446F-8918-46D5765BCE7F}.Release|Any CPU.ActiveCfg = Release|Any CPU
		{4A68D8A5-F9E4-446F-8918-46D5765BCE7F}.Release|Any CPU.Build.0 = Release|Any CPU
		{31694C95-F4A8-4101-AF5E-A0D7A8ED66F7}.Debug|Any CPU.ActiveCfg = Debug|Any CPU
		{31694C95-F4A8-4101-AF5E-A0D7A8ED66F7}.Debug|Any CPU.Build.0 = Debug|Any CPU
		{31694C95-F4A8-4101-AF5E-A0D7A8ED66F7}.Release|Any CPU.ActiveCfg = Release|Any CPU
		{31694C95-F4A8-4101-AF5E-A0D7A8ED66F7}.Release|Any CPU.Build.0 = Release|Any CPU
		{A206224A-5A84-43B7-B46C-85C5EBCF88DF}.Debug|Any CPU.ActiveCfg = Debug|Any CPU
		{A206224A-5A84-43B7-B46C-85C5EBCF88DF}.Debug|Any CPU.Build.0 = Debug|Any CPU
		{A206224A-5A84-43B7-B46C-85C5EBCF88DF}.Release|Any CPU.ActiveCfg = Release|Any CPU
		{A206224A-5A84-43B7-B46C-85C5EBCF88DF}.Release|Any CPU.Build.0 = Release|Any CPU
		{D07D8265-530B-4676-99EC-EDC6C9C9D185}.Debug|Any CPU.ActiveCfg = Debug|Any CPU
		{D07D8265-530B-4676-99EC-EDC6C9C9D185}.Debug|Any CPU.Build.0 = Debug|Any CPU
		{D07D8265-530B-4676-99EC-EDC6C9C9D185}.Release|Any CPU.ActiveCfg = Release|Any CPU
		{D07D8265-530B-4676-99EC-EDC6C9C9D185}.Release|Any CPU.Build.0 = Release|Any CPU
		{A43C431F-05B8-4719-9971-F673855F6AF2}.Debug|Any CPU.ActiveCfg = Debug|Any CPU
		{A43C431F-05B8-4719-9971-F673855F6AF2}.Debug|Any CPU.Build.0 = Debug|Any CPU
		{A43C431F-05B8-4719-9971-F673855F6AF2}.Release|Any CPU.ActiveCfg = Release|Any CPU
		{A43C431F-05B8-4719-9971-F673855F6AF2}.Release|Any CPU.Build.0 = Release|Any CPU
	EndGlobalSection
	GlobalSection(SolutionProperties) = preSolution
		HideSolutionNode = FALSE
	EndGlobalSection
	GlobalSection(ExtensibilityGlobals) = postSolution
		SolutionGuid = {014B0C01-AE09-49E8-A104-F615C05D64C9}
	EndGlobalSection
EndGlobal
